// !$*UTF8*$!
{
	archiveVersion = 1;
	classes = {
	};
	objectVersion = 52;
	objects = {

/* Begin PBXBuildFile section */
		E425F034270E4AF100568436 /* SearchBar.swift in Sources */ = {isa = PBXBuildFile; fileRef = E425F033270E4AF100568436 /* SearchBar.swift */; };
		E425F036270E4C3300568436 /* Ext+Color.swift in Sources */ = {isa = PBXBuildFile; fileRef = E425F035270E4C3300568436 /* Ext+Color.swift */; };
		E425F03A2713882500568436 /* SongView.swift in Sources */ = {isa = PBXBuildFile; fileRef = E425F0392713882500568436 /* SongView.swift */; };
		E425F03C2713884300568436 /* SongViewModel.swift in Sources */ = {isa = PBXBuildFile; fileRef = E425F03B2713884300568436 /* SongViewModel.swift */; };
		E425F03E27138BAC00568436 /* RoundedCorners.swift in Sources */ = {isa = PBXBuildFile; fileRef = E425F03D27138BAC00568436 /* RoundedCorners.swift */; };
		E425F04027141D0300568436 /* IconImage.swift in Sources */ = {isa = PBXBuildFile; fileRef = E425F03F27141D0300568436 /* IconImage.swift */; };
		E425F04427162EE200568436 /* Ext+UIScreen.swift in Sources */ = {isa = PBXBuildFile; fileRef = E425F04327162EE200568436 /* Ext+UIScreen.swift */; };
		E425F0472716B3FC00568436 /* SongSectionView.swift in Sources */ = {isa = PBXBuildFile; fileRef = E425F0462716B3FC00568436 /* SongSectionView.swift */; };
		E425F0492716B43100568436 /* SongSectionsView.swift in Sources */ = {isa = PBXBuildFile; fileRef = E425F0482716B43100568436 /* SongSectionsView.swift */; };
		E425F04B2716B46D00568436 /* SongAuthorSectionView.swift in Sources */ = {isa = PBXBuildFile; fileRef = E425F04A2716B46D00568436 /* SongAuthorSectionView.swift */; };
		E425F04D2716D02A00568436 /* HideSeparator.swift in Sources */ = {isa = PBXBuildFile; fileRef = E425F04C2716D02A00568436 /* HideSeparator.swift */; };
		E425F04F2716D64D00568436 /* Ext+Font.swift in Sources */ = {isa = PBXBuildFile; fileRef = E425F04E2716D64D00568436 /* Ext+Font.swift */; };
		E425F0512716DC6300568436 /* SongsListSubview.swift in Sources */ = {isa = PBXBuildFile; fileRef = E425F0502716DC6300568436 /* SongsListSubview.swift */; };
		E425F0532716DC8700568436 /* LoaderView.swift in Sources */ = {isa = PBXBuildFile; fileRef = E425F0522716DC8700568436 /* LoaderView.swift */; };
		E425F0562716FA2700568436 /* SongSectionIcon.swift in Sources */ = {isa = PBXBuildFile; fileRef = E425F0552716FA2700568436 /* SongSectionIcon.swift */; };
		E425F0582716FA4100568436 /* NavigationIcon.swift in Sources */ = {isa = PBXBuildFile; fileRef = E425F0572716FA4100568436 /* NavigationIcon.swift */; };
		E42B800B2788F001000DB881 /* LikedSongsListView.swift in Sources */ = {isa = PBXBuildFile; fileRef = E42B800A2788F001000DB881 /* LikedSongsListView.swift */; };
		E42B800D2788F038000DB881 /* LikedSongsListViewModel.swift in Sources */ = {isa = PBXBuildFile; fileRef = E42B800C2788F038000DB881 /* LikedSongsListViewModel.swift */; };
		E42B80102788F377000DB881 /* LikedSongsList.swift in Sources */ = {isa = PBXBuildFile; fileRef = E42B800F2788F377000DB881 /* LikedSongsList.swift */; };
		E42B801E2788FA89000DB881 /* RxSwift in Frameworks */ = {isa = PBXBuildFile; productRef = E42B801D2788FA89000DB881 /* RxSwift */; };
		E42B80202788FA89000DB881 /* RxCocoa in Frameworks */ = {isa = PBXBuildFile; productRef = E42B801F2788FA89000DB881 /* RxCocoa */; };
		E42B80222788FA89000DB881 /* RxRelay in Frameworks */ = {isa = PBXBuildFile; productRef = E42B80212788FA89000DB881 /* RxRelay */; };
		E42DDEA6270D027000E0273E /* SongSectionType.swift in Sources */ = {isa = PBXBuildFile; fileRef = E42DDEA5270D027000E0273E /* SongSectionType.swift */; };
		E42DDEA9270D034000E0273E /* Song.swift in Sources */ = {isa = PBXBuildFile; fileRef = E42DDEA8270D033F00E0273E /* Song.swift */; };
		E42DDEAB270D036700E0273E /* SongSection.swift in Sources */ = {isa = PBXBuildFile; fileRef = E42DDEAA270D036700E0273E /* SongSection.swift */; };
		E42DDEB1270D085000E0273E /* NavigationStep.swift in Sources */ = {isa = PBXBuildFile; fileRef = E42DDEAD270D085000E0273E /* NavigationStep.swift */; };
		E42DDEB2270D085000E0273E /* NavigationDismissStep.swift in Sources */ = {isa = PBXBuildFile; fileRef = E42DDEAE270D085000E0273E /* NavigationDismissStep.swift */; };
		E42DDEB3270D085000E0273E /* UIKitNavigation.swift in Sources */ = {isa = PBXBuildFile; fileRef = E42DDEAF270D085000E0273E /* UIKitNavigation.swift */; };
		E42DDEB4270D085000E0273E /* RootNavigationView.swift in Sources */ = {isa = PBXBuildFile; fileRef = E42DDEB0270D085000E0273E /* RootNavigationView.swift */; };
		E42DDEB6270D08F900E0273E /* DatabaseManager.swift in Sources */ = {isa = PBXBuildFile; fileRef = E42DDEB5270D08F900E0273E /* DatabaseManager.swift */; };
		E43C6E672728967800303544 /* SongListNavigation.swift in Sources */ = {isa = PBXBuildFile; fileRef = E43C6E662728967700303544 /* SongListNavigation.swift */; };
		E4B61CFA270BB2BC001F9086 /* SongsListViewModel.swift in Sources */ = {isa = PBXBuildFile; fileRef = E4B61CF9270BB2BC001F9086 /* SongsListViewModel.swift */; };
		E4FDF7752703C8560025D0CB /* PielgrzymApp.swift in Sources */ = {isa = PBXBuildFile; fileRef = E4FDF7742703C8560025D0CB /* PielgrzymApp.swift */; };
		E4FDF7772703C8560025D0CB /* SongsListView.swift in Sources */ = {isa = PBXBuildFile; fileRef = E4FDF7762703C8560025D0CB /* SongsListView.swift */; };
		E4FDF7792703C8580025D0CB /* Assets.xcassets in Resources */ = {isa = PBXBuildFile; fileRef = E4FDF7782703C8580025D0CB /* Assets.xcassets */; };
		E4FDF77C2703C8580025D0CB /* Preview Assets.xcassets in Resources */ = {isa = PBXBuildFile; fileRef = E4FDF77B2703C8580025D0CB /* Preview Assets.xcassets */; };
/* End PBXBuildFile section */

/* Begin PBXFileReference section */
		E425F033270E4AF100568436 /* SearchBar.swift */ = {isa = PBXFileReference; lastKnownFileType = sourcecode.swift; path = SearchBar.swift; sourceTree = "<group>"; };
		E425F035270E4C3300568436 /* Ext+Color.swift */ = {isa = PBXFileReference; lastKnownFileType = sourcecode.swift; path = "Ext+Color.swift"; sourceTree = "<group>"; };
		E425F0392713882500568436 /* SongView.swift */ = {isa = PBXFileReference; lastKnownFileType = sourcecode.swift; path = SongView.swift; sourceTree = "<group>"; };
		E425F03B2713884300568436 /* SongViewModel.swift */ = {isa = PBXFileReference; lastKnownFileType = sourcecode.swift; path = SongViewModel.swift; sourceTree = "<group>"; };
		E425F03D27138BAC00568436 /* RoundedCorners.swift */ = {isa = PBXFileReference; lastKnownFileType = sourcecode.swift; path = RoundedCorners.swift; sourceTree = "<group>"; };
		E425F03F27141D0300568436 /* IconImage.swift */ = {isa = PBXFileReference; lastKnownFileType = sourcecode.swift; path = IconImage.swift; sourceTree = "<group>"; };
		E425F04327162EE200568436 /* Ext+UIScreen.swift */ = {isa = PBXFileReference; lastKnownFileType = sourcecode.swift; path = "Ext+UIScreen.swift"; sourceTree = "<group>"; };
		E425F0462716B3FC00568436 /* SongSectionView.swift */ = {isa = PBXFileReference; lastKnownFileType = sourcecode.swift; path = SongSectionView.swift; sourceTree = "<group>"; };
		E425F0482716B43100568436 /* SongSectionsView.swift */ = {isa = PBXFileReference; lastKnownFileType = sourcecode.swift; path = SongSectionsView.swift; sourceTree = "<group>"; };
		E425F04A2716B46D00568436 /* SongAuthorSectionView.swift */ = {isa = PBXFileReference; lastKnownFileType = sourcecode.swift; path = SongAuthorSectionView.swift; sourceTree = "<group>"; };
		E425F04C2716D02A00568436 /* HideSeparator.swift */ = {isa = PBXFileReference; lastKnownFileType = sourcecode.swift; path = HideSeparator.swift; sourceTree = "<group>"; };
		E425F04E2716D64D00568436 /* Ext+Font.swift */ = {isa = PBXFileReference; lastKnownFileType = sourcecode.swift; path = "Ext+Font.swift"; sourceTree = "<group>"; };
		E425F0502716DC6300568436 /* SongsListSubview.swift */ = {isa = PBXFileReference; lastKnownFileType = sourcecode.swift; path = SongsListSubview.swift; sourceTree = "<group>"; };
		E425F0522716DC8700568436 /* LoaderView.swift */ = {isa = PBXFileReference; lastKnownFileType = sourcecode.swift; path = LoaderView.swift; sourceTree = "<group>"; };
		E425F0552716FA2700568436 /* SongSectionIcon.swift */ = {isa = PBXFileReference; lastKnownFileType = sourcecode.swift; path = SongSectionIcon.swift; sourceTree = "<group>"; };
		E425F0572716FA4100568436 /* NavigationIcon.swift */ = {isa = PBXFileReference; lastKnownFileType = sourcecode.swift; path = NavigationIcon.swift; sourceTree = "<group>"; };
		E42B800A2788F001000DB881 /* LikedSongsListView.swift */ = {isa = PBXFileReference; lastKnownFileType = sourcecode.swift; path = LikedSongsListView.swift; sourceTree = "<group>"; };
		E42B800C2788F038000DB881 /* LikedSongsListViewModel.swift */ = {isa = PBXFileReference; lastKnownFileType = sourcecode.swift; path = LikedSongsListViewModel.swift; sourceTree = "<group>"; };
		E42B800F2788F377000DB881 /* LikedSongsList.swift */ = {isa = PBXFileReference; lastKnownFileType = sourcecode.swift; path = LikedSongsList.swift; sourceTree = "<group>"; };
		E42DDEA5270D027000E0273E /* SongSectionType.swift */ = {isa = PBXFileReference; lastKnownFileType = sourcecode.swift; path = SongSectionType.swift; sourceTree = "<group>"; };
		E42DDEA8270D033F00E0273E /* Song.swift */ = {isa = PBXFileReference; lastKnownFileType = sourcecode.swift; path = Song.swift; sourceTree = "<group>"; };
		E42DDEAA270D036700E0273E /* SongSection.swift */ = {isa = PBXFileReference; lastKnownFileType = sourcecode.swift; path = SongSection.swift; sourceTree = "<group>"; };
		E42DDEAD270D085000E0273E /* NavigationStep.swift */ = {isa = PBXFileReference; fileEncoding = 4; lastKnownFileType = sourcecode.swift; path = NavigationStep.swift; sourceTree = "<group>"; };
		E42DDEAE270D085000E0273E /* NavigationDismissStep.swift */ = {isa = PBXFileReference; fileEncoding = 4; lastKnownFileType = sourcecode.swift; path = NavigationDismissStep.swift; sourceTree = "<group>"; };
		E42DDEAF270D085000E0273E /* UIKitNavigation.swift */ = {isa = PBXFileReference; fileEncoding = 4; lastKnownFileType = sourcecode.swift; path = UIKitNavigation.swift; sourceTree = "<group>"; };
		E42DDEB0270D085000E0273E /* RootNavigationView.swift */ = {isa = PBXFileReference; fileEncoding = 4; lastKnownFileType = sourcecode.swift; path = RootNavigationView.swift; sourceTree = "<group>"; };
		E42DDEB5270D08F900E0273E /* DatabaseManager.swift */ = {isa = PBXFileReference; lastKnownFileType = sourcecode.swift; path = DatabaseManager.swift; sourceTree = "<group>"; };
		E43C6E662728967700303544 /* SongListNavigation.swift */ = {isa = PBXFileReference; lastKnownFileType = sourcecode.swift; path = SongListNavigation.swift; sourceTree = "<group>"; };
		E4B61CF9270BB2BC001F9086 /* SongsListViewModel.swift */ = {isa = PBXFileReference; lastKnownFileType = sourcecode.swift; path = SongsListViewModel.swift; sourceTree = "<group>"; };
		E4FDF7712703C8560025D0CB /* Pielgrzym.app */ = {isa = PBXFileReference; explicitFileType = wrapper.application; includeInIndex = 0; path = Pielgrzym.app; sourceTree = BUILT_PRODUCTS_DIR; };
		E4FDF7742703C8560025D0CB /* PielgrzymApp.swift */ = {isa = PBXFileReference; lastKnownFileType = sourcecode.swift; path = PielgrzymApp.swift; sourceTree = "<group>"; };
		E4FDF7762703C8560025D0CB /* SongsListView.swift */ = {isa = PBXFileReference; lastKnownFileType = sourcecode.swift; path = SongsListView.swift; sourceTree = "<group>"; };
		E4FDF7782703C8580025D0CB /* Assets.xcassets */ = {isa = PBXFileReference; lastKnownFileType = folder.assetcatalog; path = Assets.xcassets; sourceTree = "<group>"; };
		E4FDF77B2703C8580025D0CB /* Preview Assets.xcassets */ = {isa = PBXFileReference; lastKnownFileType = folder.assetcatalog; path = "Preview Assets.xcassets"; sourceTree = "<group>"; };
		E4FDF77D2703C8580025D0CB /* Info.plist */ = {isa = PBXFileReference; lastKnownFileType = text.plist.xml; path = Info.plist; sourceTree = "<group>"; };
/* End PBXFileReference section */

/* Begin PBXFrameworksBuildPhase section */
		E4FDF76E2703C8560025D0CB /* Frameworks */ = {
			isa = PBXFrameworksBuildPhase;
			buildActionMask = 2147483647;
			files = (
				E42B80222788FA89000DB881 /* RxRelay in Frameworks */,
				E42B80202788FA89000DB881 /* RxCocoa in Frameworks */,
				E42B801E2788FA89000DB881 /* RxSwift in Frameworks */,
			);
			runOnlyForDeploymentPostprocessing = 0;
		};
/* End PBXFrameworksBuildPhase section */

/* Begin PBXGroup section */
		E425F032270E4AE300568436 /* Subviews */ = {
			isa = PBXGroup;
			children = (
				E425F033270E4AF100568436 /* SearchBar.swift */,
				E425F0522716DC8700568436 /* LoaderView.swift */,
				E425F0502716DC6300568436 /* SongsListSubview.swift */,
			);
			path = Subviews;
			sourceTree = "<group>";
		};
		E425F0372713880800568436 /* Song */ = {
			isa = PBXGroup;
			children = (
				E425F0392713882500568436 /* SongView.swift */,
				E425F0452716B3E300568436 /* Subviews */,
			);
			path = Song;
			sourceTree = "<group>";
		};
		E425F0382713881200568436 /* Song */ = {
			isa = PBXGroup;
			children = (
				E425F03B2713884300568436 /* SongViewModel.swift */,
			);
			path = Song;
			sourceTree = "<group>";
		};
		E425F0452716B3E300568436 /* Subviews */ = {
			isa = PBXGroup;
			children = (
				E425F0482716B43100568436 /* SongSectionsView.swift */,
				E425F0462716B3FC00568436 /* SongSectionView.swift */,
				E425F04A2716B46D00568436 /* SongAuthorSectionView.swift */,
			);
			path = Subviews;
			sourceTree = "<group>";
		};
		E425F0542716FA1800568436 /* Icons */ = {
			isa = PBXGroup;
			children = (
				E425F0552716FA2700568436 /* SongSectionIcon.swift */,
				E425F0572716FA4100568436 /* NavigationIcon.swift */,
			);
			path = Icons;
			sourceTree = "<group>";
		};
		E42B800E2788F368000DB881 /* Subviews */ = {
			isa = PBXGroup;
			children = (
				E42B800F2788F377000DB881 /* LikedSongsList.swift */,
			);
			path = Subviews;
			sourceTree = "<group>";
		};
		E42DDE92270D012100E0273E /* Views */ = {
			isa = PBXGroup;
			children = (
				E425F0372713880800568436 /* Song */,
				E42DDE9B270D019F00E0273E /* Liked Songs List */,
				E42DDE93270D012700E0273E /* Songs List */,
			);
			path = Views;
			sourceTree = "<group>";
		};
		E42DDE93270D012700E0273E /* Songs List */ = {
			isa = PBXGroup;
			children = (
				E4FDF7762703C8560025D0CB /* SongsListView.swift */,
				E425F032270E4AE300568436 /* Subviews */,
			);
			path = "Songs List";
			sourceTree = "<group>";
		};
		E42DDE95270D013F00E0273E /* View Models */ = {
			isa = PBXGroup;
			children = (
				E425F0382713881200568436 /* Song */,
				E42DDE9C270D01AB00E0273E /* Liked Songs List */,
				E42DDE9A270D018300E0273E /* Songs List */,
			);
			path = "View Models";
			sourceTree = "<group>";
		};
		E42DDE96270D014B00E0273E /* Models */ = {
			isa = PBXGroup;
			children = (
				E42DDEA7270D032F00E0273E /* Song */,
			);
			path = Models;
			sourceTree = "<group>";
		};
		E42DDE9A270D018300E0273E /* Songs List */ = {
			isa = PBXGroup;
			children = (
				E4B61CF9270BB2BC001F9086 /* SongsListViewModel.swift */,
				E43C6E662728967700303544 /* SongListNavigation.swift */,
			);
			path = "Songs List";
			sourceTree = "<group>";
		};
		E42DDE9B270D019F00E0273E /* Liked Songs List */ = {
			isa = PBXGroup;
			children = (
				E42B800A2788F001000DB881 /* LikedSongsListView.swift */,
				E42B800E2788F368000DB881 /* Subviews */,
			);
			path = "Liked Songs List";
			sourceTree = "<group>";
		};
		E42DDE9C270D01AB00E0273E /* Liked Songs List */ = {
			isa = PBXGroup;
			children = (
				E42B800C2788F038000DB881 /* LikedSongsListViewModel.swift */,
			);
			path = "Liked Songs List";
			sourceTree = "<group>";
		};
		E42DDE9D270D01C900E0273E /* Managers */ = {
			isa = PBXGroup;
			children = (
				E42DDE9E270D01D200E0273E /* Database */,
			);
			path = Managers;
			sourceTree = "<group>";
		};
		E42DDE9E270D01D200E0273E /* Database */ = {
			isa = PBXGroup;
			children = (
				E42DDEB5270D08F900E0273E /* DatabaseManager.swift */,
			);
			path = Database;
			sourceTree = "<group>";
		};
		E42DDE9F270D01EB00E0273E /* Extensions */ = {
			isa = PBXGroup;
			children = (
				E425F035270E4C3300568436 /* Ext+Color.swift */,
				E425F04E2716D64D00568436 /* Ext+Font.swift */,
				E425F04327162EE200568436 /* Ext+UIScreen.swift */,
			);
			path = Extensions;
			sourceTree = "<group>";
		};
		E42DDEA0270D01F500E0273E /* Helpers */ = {
			isa = PBXGroup;
			children = (
				E42DDEAC270D085000E0273E /* Navigation */,
				E42DDEA4270D023800E0273E /* Objects */,
				E42DDEA3270D023200E0273E /* Views */,
			);
			path = Helpers;
			sourceTree = "<group>";
		};
		E42DDEA3270D023200E0273E /* Views */ = {
			isa = PBXGroup;
			children = (
				E425F03D27138BAC00568436 /* RoundedCorners.swift */,
				E425F04C2716D02A00568436 /* HideSeparator.swift */,
			);
			path = Views;
			sourceTree = "<group>";
		};
		E42DDEA4270D023800E0273E /* Objects */ = {
			isa = PBXGroup;
			children = (
				E425F03F27141D0300568436 /* IconImage.swift */,
				E425F0542716FA1800568436 /* Icons */,
			);
			path = Objects;
			sourceTree = "<group>";
		};
		E42DDEA7270D032F00E0273E /* Song */ = {
			isa = PBXGroup;
			children = (
				E42DDEA8270D033F00E0273E /* Song.swift */,
				E42DDEAA270D036700E0273E /* SongSection.swift */,
				E42DDEA5270D027000E0273E /* SongSectionType.swift */,
			);
			path = Song;
			sourceTree = "<group>";
		};
		E42DDEAC270D085000E0273E /* Navigation */ = {
			isa = PBXGroup;
			children = (
				E42DDEAD270D085000E0273E /* NavigationStep.swift */,
				E42DDEAE270D085000E0273E /* NavigationDismissStep.swift */,
				E42DDEAF270D085000E0273E /* UIKitNavigation.swift */,
				E42DDEB0270D085000E0273E /* RootNavigationView.swift */,
			);
			path = Navigation;
			sourceTree = "<group>";
		};
		E4FDF7682703C8560025D0CB = {
			isa = PBXGroup;
			children = (
				E4FDF7732703C8560025D0CB /* Pielgrzym */,
				E4FDF7722703C8560025D0CB /* Products */,
			);
			sourceTree = "<group>";
		};
		E4FDF7722703C8560025D0CB /* Products */ = {
			isa = PBXGroup;
			children = (
				E4FDF7712703C8560025D0CB /* Pielgrzym.app */,
			);
			name = Products;
			sourceTree = "<group>";
		};
		E4FDF7732703C8560025D0CB /* Pielgrzym */ = {
			isa = PBXGroup;
			children = (
				E4FDF7742703C8560025D0CB /* PielgrzymApp.swift */,
				E42DDE92270D012100E0273E /* Views */,
				E42DDE95270D013F00E0273E /* View Models */,
				E42DDE96270D014B00E0273E /* Models */,
				E42DDE9D270D01C900E0273E /* Managers */,
				E42DDE9F270D01EB00E0273E /* Extensions */,
				E42DDEA0270D01F500E0273E /* Helpers */,
				E4FDF7782703C8580025D0CB /* Assets.xcassets */,
				E4FDF77D2703C8580025D0CB /* Info.plist */,
				E4FDF77A2703C8580025D0CB /* Preview Content */,
			);
			path = Pielgrzym;
			sourceTree = "<group>";
		};
		E4FDF77A2703C8580025D0CB /* Preview Content */ = {
			isa = PBXGroup;
			children = (
				E4FDF77B2703C8580025D0CB /* Preview Assets.xcassets */,
			);
			path = "Preview Content";
			sourceTree = "<group>";
		};
/* End PBXGroup section */

/* Begin PBXNativeTarget section */
		E4FDF7702703C8560025D0CB /* Pielgrzym */ = {
			isa = PBXNativeTarget;
			buildConfigurationList = E4FDF7802703C8580025D0CB /* Build configuration list for PBXNativeTarget "Pielgrzym" */;
			buildPhases = (
				E4FDF76D2703C8560025D0CB /* Sources */,
				E4FDF76E2703C8560025D0CB /* Frameworks */,
				E4FDF76F2703C8560025D0CB /* Resources */,
			);
			buildRules = (
			);
			dependencies = (
			);
			name = Pielgrzym;
			packageProductDependencies = (
				E42B801D2788FA89000DB881 /* RxSwift */,
				E42B801F2788FA89000DB881 /* RxCocoa */,
				E42B80212788FA89000DB881 /* RxRelay */,
			);
			productName = Pielgrzym;
			productReference = E4FDF7712703C8560025D0CB /* Pielgrzym.app */;
			productType = "com.apple.product-type.application";
		};
/* End PBXNativeTarget section */

/* Begin PBXProject section */
		E4FDF7692703C8560025D0CB /* Project object */ = {
			isa = PBXProject;
			attributes = {
				LastSwiftUpdateCheck = 1250;
				LastUpgradeCheck = 1250;
				TargetAttributes = {
					E4FDF7702703C8560025D0CB = {
						CreatedOnToolsVersion = 12.5;
					};
				};
			};
			buildConfigurationList = E4FDF76C2703C8560025D0CB /* Build configuration list for PBXProject "Pielgrzym" */;
			compatibilityVersion = "Xcode 9.3";
			developmentRegion = en;
			hasScannedForEncodings = 0;
			knownRegions = (
				en,
				Base,
			);
			mainGroup = E4FDF7682703C8560025D0CB;
			packageReferences = (
				E42B801C2788FA89000DB881 /* XCRemoteSwiftPackageReference "RxSwift" */,
			);
			productRefGroup = E4FDF7722703C8560025D0CB /* Products */;
			projectDirPath = "";
			projectRoot = "";
			targets = (
				E4FDF7702703C8560025D0CB /* Pielgrzym */,
			);
		};
/* End PBXProject section */

/* Begin PBXResourcesBuildPhase section */
		E4FDF76F2703C8560025D0CB /* Resources */ = {
			isa = PBXResourcesBuildPhase;
			buildActionMask = 2147483647;
			files = (
				E4FDF77C2703C8580025D0CB /* Preview Assets.xcassets in Resources */,
				E4FDF7792703C8580025D0CB /* Assets.xcassets in Resources */,
			);
			runOnlyForDeploymentPostprocessing = 0;
		};
/* End PBXResourcesBuildPhase section */

/* Begin PBXSourcesBuildPhase section */
		E4FDF76D2703C8560025D0CB /* Sources */ = {
			isa = PBXSourcesBuildPhase;
			buildActionMask = 2147483647;
			files = (
				E425F034270E4AF100568436 /* SearchBar.swift in Sources */,
				E425F04027141D0300568436 /* IconImage.swift in Sources */,
				E42DDEA9270D034000E0273E /* Song.swift in Sources */,
				E425F0532716DC8700568436 /* LoaderView.swift in Sources */,
				E42DDEB2270D085000E0273E /* NavigationDismissStep.swift in Sources */,
				E425F04F2716D64D00568436 /* Ext+Font.swift in Sources */,
				E42B80102788F377000DB881 /* LikedSongsList.swift in Sources */,
				E42B800B2788F001000DB881 /* LikedSongsListView.swift in Sources */,
				E425F04427162EE200568436 /* Ext+UIScreen.swift in Sources */,
				E425F03A2713882500568436 /* SongView.swift in Sources */,
				E425F0472716B3FC00568436 /* SongSectionView.swift in Sources */,
				E425F04B2716B46D00568436 /* SongAuthorSectionView.swift in Sources */,
				E425F0562716FA2700568436 /* SongSectionIcon.swift in Sources */,
				E425F03C2713884300568436 /* SongViewModel.swift in Sources */,
				E425F036270E4C3300568436 /* Ext+Color.swift in Sources */,
				E43C6E672728967800303544 /* SongListNavigation.swift in Sources */,
				E42DDEB4270D085000E0273E /* RootNavigationView.swift in Sources */,
				E42DDEA6270D027000E0273E /* SongSectionType.swift in Sources */,
				E425F0492716B43100568436 /* SongSectionsView.swift in Sources */,
				E4FDF7772703C8560025D0CB /* SongsListView.swift in Sources */,
				E42DDEB1270D085000E0273E /* NavigationStep.swift in Sources */,
				E42DDEAB270D036700E0273E /* SongSection.swift in Sources */,
				E425F04D2716D02A00568436 /* HideSeparator.swift in Sources */,
				E42DDEB6270D08F900E0273E /* DatabaseManager.swift in Sources */,
				E425F0512716DC6300568436 /* SongsListSubview.swift in Sources */,
				E425F03E27138BAC00568436 /* RoundedCorners.swift in Sources */,
				E425F0582716FA4100568436 /* NavigationIcon.swift in Sources */,
				E4B61CFA270BB2BC001F9086 /* SongsListViewModel.swift in Sources */,
				E42B800D2788F038000DB881 /* LikedSongsListViewModel.swift in Sources */,
				E42DDEB3270D085000E0273E /* UIKitNavigation.swift in Sources */,
				E4FDF7752703C8560025D0CB /* PielgrzymApp.swift in Sources */,
			);
			runOnlyForDeploymentPostprocessing = 0;
		};
/* End PBXSourcesBuildPhase section */

/* Begin XCBuildConfiguration section */
		E4FDF77E2703C8580025D0CB /* Debug */ = {
			isa = XCBuildConfiguration;
			buildSettings = {
				ALWAYS_SEARCH_USER_PATHS = NO;
				CLANG_ANALYZER_NONNULL = YES;
				CLANG_ANALYZER_NUMBER_OBJECT_CONVERSION = YES_AGGRESSIVE;
				CLANG_CXX_LANGUAGE_STANDARD = "gnu++14";
				CLANG_CXX_LIBRARY = "libc++";
				CLANG_ENABLE_MODULES = YES;
				CLANG_ENABLE_OBJC_ARC = YES;
				CLANG_ENABLE_OBJC_WEAK = YES;
				CLANG_WARN_BLOCK_CAPTURE_AUTORELEASING = YES;
				CLANG_WARN_BOOL_CONVERSION = YES;
				CLANG_WARN_COMMA = YES;
				CLANG_WARN_CONSTANT_CONVERSION = YES;
				CLANG_WARN_DEPRECATED_OBJC_IMPLEMENTATIONS = YES;
				CLANG_WARN_DIRECT_OBJC_ISA_USAGE = YES_ERROR;
				CLANG_WARN_DOCUMENTATION_COMMENTS = YES;
				CLANG_WARN_EMPTY_BODY = YES;
				CLANG_WARN_ENUM_CONVERSION = YES;
				CLANG_WARN_INFINITE_RECURSION = YES;
				CLANG_WARN_INT_CONVERSION = YES;
				CLANG_WARN_NON_LITERAL_NULL_CONVERSION = YES;
				CLANG_WARN_OBJC_IMPLICIT_RETAIN_SELF = YES;
				CLANG_WARN_OBJC_LITERAL_CONVERSION = YES;
				CLANG_WARN_OBJC_ROOT_CLASS = YES_ERROR;
				CLANG_WARN_QUOTED_INCLUDE_IN_FRAMEWORK_HEADER = YES;
				CLANG_WARN_RANGE_LOOP_ANALYSIS = YES;
				CLANG_WARN_STRICT_PROTOTYPES = YES;
				CLANG_WARN_SUSPICIOUS_MOVE = YES;
				CLANG_WARN_UNGUARDED_AVAILABILITY = YES_AGGRESSIVE;
				CLANG_WARN_UNREACHABLE_CODE = YES;
				CLANG_WARN__DUPLICATE_METHOD_MATCH = YES;
				COPY_PHASE_STRIP = NO;
				DEBUG_INFORMATION_FORMAT = dwarf;
				ENABLE_STRICT_OBJC_MSGSEND = YES;
				ENABLE_TESTABILITY = YES;
				GCC_C_LANGUAGE_STANDARD = gnu11;
				GCC_DYNAMIC_NO_PIC = NO;
				GCC_NO_COMMON_BLOCKS = YES;
				GCC_OPTIMIZATION_LEVEL = 0;
				GCC_PREPROCESSOR_DEFINITIONS = (
					"DEBUG=1",
					"$(inherited)",
				);
				GCC_WARN_64_TO_32_BIT_CONVERSION = YES;
				GCC_WARN_ABOUT_RETURN_TYPE = YES_ERROR;
				GCC_WARN_UNDECLARED_SELECTOR = YES;
				GCC_WARN_UNINITIALIZED_AUTOS = YES_AGGRESSIVE;
				GCC_WARN_UNUSED_FUNCTION = YES;
				GCC_WARN_UNUSED_VARIABLE = YES;
				IPHONEOS_DEPLOYMENT_TARGET = 14.5;
				MTL_ENABLE_DEBUG_INFO = INCLUDE_SOURCE;
				MTL_FAST_MATH = YES;
				ONLY_ACTIVE_ARCH = YES;
				SDKROOT = iphoneos;
				SWIFT_ACTIVE_COMPILATION_CONDITIONS = DEBUG;
				SWIFT_OPTIMIZATION_LEVEL = "-Onone";
			};
			name = Debug;
		};
		E4FDF77F2703C8580025D0CB /* Release */ = {
			isa = XCBuildConfiguration;
			buildSettings = {
				ALWAYS_SEARCH_USER_PATHS = NO;
				CLANG_ANALYZER_NONNULL = YES;
				CLANG_ANALYZER_NUMBER_OBJECT_CONVERSION = YES_AGGRESSIVE;
				CLANG_CXX_LANGUAGE_STANDARD = "gnu++14";
				CLANG_CXX_LIBRARY = "libc++";
				CLANG_ENABLE_MODULES = YES;
				CLANG_ENABLE_OBJC_ARC = YES;
				CLANG_ENABLE_OBJC_WEAK = YES;
				CLANG_WARN_BLOCK_CAPTURE_AUTORELEASING = YES;
				CLANG_WARN_BOOL_CONVERSION = YES;
				CLANG_WARN_COMMA = YES;
				CLANG_WARN_CONSTANT_CONVERSION = YES;
				CLANG_WARN_DEPRECATED_OBJC_IMPLEMENTATIONS = YES;
				CLANG_WARN_DIRECT_OBJC_ISA_USAGE = YES_ERROR;
				CLANG_WARN_DOCUMENTATION_COMMENTS = YES;
				CLANG_WARN_EMPTY_BODY = YES;
				CLANG_WARN_ENUM_CONVERSION = YES;
				CLANG_WARN_INFINITE_RECURSION = YES;
				CLANG_WARN_INT_CONVERSION = YES;
				CLANG_WARN_NON_LITERAL_NULL_CONVERSION = YES;
				CLANG_WARN_OBJC_IMPLICIT_RETAIN_SELF = YES;
				CLANG_WARN_OBJC_LITERAL_CONVERSION = YES;
				CLANG_WARN_OBJC_ROOT_CLASS = YES_ERROR;
				CLANG_WARN_QUOTED_INCLUDE_IN_FRAMEWORK_HEADER = YES;
				CLANG_WARN_RANGE_LOOP_ANALYSIS = YES;
				CLANG_WARN_STRICT_PROTOTYPES = YES;
				CLANG_WARN_SUSPICIOUS_MOVE = YES;
				CLANG_WARN_UNGUARDED_AVAILABILITY = YES_AGGRESSIVE;
				CLANG_WARN_UNREACHABLE_CODE = YES;
				CLANG_WARN__DUPLICATE_METHOD_MATCH = YES;
				COPY_PHASE_STRIP = NO;
				DEBUG_INFORMATION_FORMAT = "dwarf-with-dsym";
				ENABLE_NS_ASSERTIONS = NO;
				ENABLE_STRICT_OBJC_MSGSEND = YES;
				GCC_C_LANGUAGE_STANDARD = gnu11;
				GCC_NO_COMMON_BLOCKS = YES;
				GCC_WARN_64_TO_32_BIT_CONVERSION = YES;
				GCC_WARN_ABOUT_RETURN_TYPE = YES_ERROR;
				GCC_WARN_UNDECLARED_SELECTOR = YES;
				GCC_WARN_UNINITIALIZED_AUTOS = YES_AGGRESSIVE;
				GCC_WARN_UNUSED_FUNCTION = YES;
				GCC_WARN_UNUSED_VARIABLE = YES;
				IPHONEOS_DEPLOYMENT_TARGET = 14.5;
				MTL_ENABLE_DEBUG_INFO = NO;
				MTL_FAST_MATH = YES;
				SDKROOT = iphoneos;
				SWIFT_COMPILATION_MODE = wholemodule;
				SWIFT_OPTIMIZATION_LEVEL = "-O";
				VALIDATE_PRODUCT = YES;
			};
			name = Release;
		};
		E4FDF7812703C8580025D0CB /* Debug */ = {
			isa = XCBuildConfiguration;
			buildSettings = {
				ASSETCATALOG_COMPILER_APPICON_NAME = AppIcon;
				ASSETCATALOG_COMPILER_GLOBAL_ACCENT_COLOR_NAME = AccentColor;
				CODE_SIGN_STYLE = Automatic;
				DEVELOPMENT_ASSET_PATHS = "\"Pielgrzym/Preview Content\"";
				DEVELOPMENT_TEAM = KM42VYU5F9;
				ENABLE_PREVIEWS = YES;
				INFOPLIST_FILE = Pielgrzym/Info.plist;
				IPHONEOS_DEPLOYMENT_TARGET = 14.0;
				LD_RUNPATH_SEARCH_PATHS = (
					"$(inherited)",
					"@executable_path/Frameworks",
				);
				PRODUCT_BUNDLE_IDENTIFIER = com.timothystokarski.Pielgrzym;
				PRODUCT_NAME = "$(TARGET_NAME)";
				SWIFT_VERSION = 5.0;
				TARGETED_DEVICE_FAMILY = "1,2";
			};
			name = Debug;
		};
		E4FDF7822703C8580025D0CB /* Release */ = {
			isa = XCBuildConfiguration;
			buildSettings = {
				ASSETCATALOG_COMPILER_APPICON_NAME = AppIcon;
				ASSETCATALOG_COMPILER_GLOBAL_ACCENT_COLOR_NAME = AccentColor;
				CODE_SIGN_STYLE = Automatic;
				DEVELOPMENT_ASSET_PATHS = "\"Pielgrzym/Preview Content\"";
				DEVELOPMENT_TEAM = KM42VYU5F9;
				ENABLE_PREVIEWS = YES;
				INFOPLIST_FILE = Pielgrzym/Info.plist;
				IPHONEOS_DEPLOYMENT_TARGET = 14.0;
				LD_RUNPATH_SEARCH_PATHS = (
					"$(inherited)",
					"@executable_path/Frameworks",
				);
				PRODUCT_BUNDLE_IDENTIFIER = com.timothystokarski.Pielgrzym;
				PRODUCT_NAME = "$(TARGET_NAME)";
				SWIFT_VERSION = 5.0;
				TARGETED_DEVICE_FAMILY = "1,2";
			};
			name = Release;
		};
/* End XCBuildConfiguration section */

/* Begin XCConfigurationList section */
		E4FDF76C2703C8560025D0CB /* Build configuration list for PBXProject "Pielgrzym" */ = {
			isa = XCConfigurationList;
			buildConfigurations = (
				E4FDF77E2703C8580025D0CB /* Debug */,
				E4FDF77F2703C8580025D0CB /* Release */,
			);
			defaultConfigurationIsVisible = 0;
			defaultConfigurationName = Release;
		};
		E4FDF7802703C8580025D0CB /* Build configuration list for PBXNativeTarget "Pielgrzym" */ = {
			isa = XCConfigurationList;
			buildConfigurations = (
				E4FDF7812703C8580025D0CB /* Debug */,
				E4FDF7822703C8580025D0CB /* Release */,
			);
			defaultConfigurationIsVisible = 0;
			defaultConfigurationName = Release;
		};
/* End XCConfigurationList section */

/* Begin XCRemoteSwiftPackageReference section */
		E42B801C2788FA89000DB881 /* XCRemoteSwiftPackageReference "RxSwift" */ = {
			isa = XCRemoteSwiftPackageReference;
			repositoryURL = "https://github.com/ReactiveX/RxSwift";
			requirement = {
				kind = upToNextMajorVersion;
				minimumVersion = 6.2.0;
			};
		};
/* End XCRemoteSwiftPackageReference section */

/* Begin XCSwiftPackageProductDependency section */
		E42B801D2788FA89000DB881 /* RxSwift */ = {
			isa = XCSwiftPackageProductDependency;
			package = E42B801C2788FA89000DB881 /* XCRemoteSwiftPackageReference "RxSwift" */;
			productName = RxSwift;
		};
		E42B801F2788FA89000DB881 /* RxCocoa */ = {
			isa = XCSwiftPackageProductDependency;
			package = E42B801C2788FA89000DB881 /* XCRemoteSwiftPackageReference "RxSwift" */;
			productName = RxCocoa;
		};
		E42B80212788FA89000DB881 /* RxRelay */ = {
			isa = XCSwiftPackageProductDependency;
			package = E42B801C2788FA89000DB881 /* XCRemoteSwiftPackageReference "RxSwift" */;
			productName = RxRelay;
		};
/* End XCSwiftPackageProductDependency section */
	};
	rootObject = E4FDF7692703C8560025D0CB /* Project object */;
}
